
Microsoft Visual Studio Solution File, Format Version 12.00
# Visual Studio Version 16
VisualStudioVersion = 16.0.29509.3
MinimumVisualStudioVersion = 10.0.40219.1
Project("{9A19103F-16F7-4668-BE54-9A1E7A4F7556}") = "BlazorLogin", "BlazorLogin\BlazorLogin.csproj", "{59BD33BD-1DBF-4513-82F3-DF389A5F0A00}"
EndProject
Project("{9A19103F-16F7-4668-BE54-9A1E7A4F7556}") = "PasswordHasher", "PasswordHasher\PasswordHasher.csproj", "{57D99864-2ECA-4E78-8406-29F3A21DF718}"
EndProject
Global
	GlobalSection(SolutionConfigurationPlatforms) = preSolution
		Debug|Any CPU = Debug|Any CPU
		Release|Any CPU = Release|Any CPU
	EndGlobalSection
	GlobalSection(ProjectConfigurationPlatforms) = postSolution
		{59BD33BD-1DBF-4513-82F3-DF389A5F0A00}.Debug|Any CPU.ActiveCfg = Debug|Any CPU
		{59BD33BD-1DBF-4513-82F3-DF389A5F0A00}.Debug|Any CPU.Build.0 = Debug|Any CPU
		{59BD33BD-1DBF-4513-82F3-DF389A5F0A00}.Release|Any CPU.ActiveCfg = Release|Any CPU
		{59BD33BD-1DBF-4513-82F3-DF389A5F0A00}.Release|Any CPU.Build.0 = Release|Any CPU
		{57D99864-2ECA-4E78-8406-29F3A21DF718}.Debug|Any CPU.ActiveCfg = Debug|Any CPU
		{57D99864-2ECA-4E78-8406-29F3A21DF718}.Debug|Any CPU.Build.0 = Debug|Any CPU
		{57D99864-2ECA-4E78-8406-29F3A21DF718}.Release|Any CPU.ActiveCfg = Release|Any CPU
		{57D99864-2ECA-4E78-8406-29F3A21DF718}.Release|Any CPU.Build.0 = Release|Any CPU
	EndGlobalSection
	GlobalSection(SolutionProperties) = preSolution
		HideSolutionNode = FALSE
	EndGlobalSection
	GlobalSection(ExtensibilityGlobals) = postSolution
		SolutionGuid = {2A4B0388-5780-4342-A6A3-548E0FDE638B}
	EndGlobalSection
EndGlobal
